
Microsoft Visual Studio Solution File, Format Version 12.00
# Visual Studio 14
VisualStudioVersion = 14.0.25420.1
MinimumVisualStudioVersion = 10.0.40219.1
Project("{FAE04EC0-301F-11D3-BF4B-00C04F79EFBC}") = "Aula_MVC.Domain", "Aula_MVC.Domain\Aula_MVC.Domain.csproj", "{6B2C2C53-1890-439C-99B5-15ECF10208E0}"
EndProject
Project("{FAE04EC0-301F-11D3-BF4B-00C04F79EFBC}") = "Aula_MVC.Data", "Aula_MVC.Data\Aula_MVC.Data.csproj", "{C428CF0A-2FCF-4235-9723-545CA08174C7}"
EndProject
Project("{FAE04EC0-301F-11D3-BF4B-00C04F79EFBC}") = "Aula_MVC.Web", "Aula_MVC.Web\Aula_MVC.Web.csproj", "{B6DFDDB4-84E8-4511-94B4-222C5CF267CC}"
EndProject
Project("{FAE04EC0-301F-11D3-BF4B-00C04F79EFBC}") = "Aula_MVC.Repository", "Aula_MVC.Repository\Aula_MVC.Repository.csproj", "{07B00640-F1BA-404F-98B3-353079599FC3}"
EndProject
Global
	GlobalSection(SolutionConfigurationPlatforms) = preSolution
		Debug|Any CPU = Debug|Any CPU
		Release|Any CPU = Release|Any CPU
	EndGlobalSection
	GlobalSection(ProjectConfigurationPlatforms) = postSolution
		{6B2C2C53-1890-439C-99B5-15ECF10208E0}.Debug|Any CPU.ActiveCfg = Debug|Any CPU
		{6B2C2C53-1890-439C-99B5-15ECF10208E0}.Debug|Any CPU.Build.0 = Debug|Any CPU
		{6B2C2C53-1890-439C-99B5-15ECF10208E0}.Release|Any CPU.ActiveCfg = Release|Any CPU
		{6B2C2C53-1890-439C-99B5-15ECF10208E0}.Release|Any CPU.Build.0 = Release|Any CPU
		{C428CF0A-2FCF-4235-9723-545CA08174C7}.Debug|Any CPU.ActiveCfg = Debug|Any CPU
		{C428CF0A-2FCF-4235-9723-545CA08174C7}.Debug|Any CPU.Build.0 = Debug|Any CPU
		{C428CF0A-2FCF-4235-9723-545CA08174C7}.Release|Any CPU.ActiveCfg = Release|Any CPU
		{C428CF0A-2FCF-4235-9723-545CA08174C7}.Release|Any CPU.Build.0 = Release|Any CPU
		{B6DFDDB4-84E8-4511-94B4-222C5CF267CC}.Debug|Any CPU.ActiveCfg = Debug|Any CPU
		{B6DFDDB4-84E8-4511-94B4-222C5CF267CC}.Debug|Any CPU.Build.0 = Debug|Any CPU
		{B6DFDDB4-84E8-4511-94B4-222C5CF267CC}.Release|Any CPU.ActiveCfg = Release|Any CPU
		{B6DFDDB4-84E8-4511-94B4-222C5CF267CC}.Release|Any CPU.Build.0 = Release|Any CPU
		{07B00640-F1BA-404F-98B3-353079599FC3}.Debug|Any CPU.ActiveCfg = Debug|Any CPU
		{07B00640-F1BA-404F-98B3-353079599FC3}.Debug|Any CPU.Build.0 = Debug|Any CPU
		{07B00640-F1BA-404F-98B3-353079599FC3}.Release|Any CPU.ActiveCfg = Release|Any CPU
		{07B00640-F1BA-404F-98B3-353079599FC3}.Release|Any CPU.Build.0 = Release|Any CPU
	EndGlobalSection
	GlobalSection(SolutionProperties) = preSolution
		HideSolutionNode = FALSE
	EndGlobalSection
EndGlobal
